// !$*UTF8*$!
{
	archiveVersion = 1;
	classes = {
	};
	objectVersion = 50;
	objects = {

/* Begin PBXBuildFile section */
		0425276626283B53000C4DD4 /* DialogueManager.swift in Sources */ = {isa = PBXBuildFile; fileRef = 0425276526283B53000C4DD4 /* DialogueManager.swift */; };
		0425276B26283BAD000C4DD4 /* ActivityIndicator.swift in Sources */ = {isa = PBXBuildFile; fileRef = 0425276A26283BAD000C4DD4 /* ActivityIndicator.swift */; };
		0425277626283D82000C4DD4 /* RedirectHelper.swift in Sources */ = {isa = PBXBuildFile; fileRef = 0425277526283D82000C4DD4 /* RedirectHelper.swift */; };
		0425277F2628423F000C4DD4 /* Storyboarded.swift in Sources */ = {isa = PBXBuildFile; fileRef = 0425277E2628423F000C4DD4 /* Storyboarded.swift */; };
		04252784262842A8000C4DD4 /* UIApplication+Extension.swift in Sources */ = {isa = PBXBuildFile; fileRef = 04252783262842A8000C4DD4 /* UIApplication+Extension.swift */; };
		04252789262842F8000C4DD4 /* UIColor+Extension.swift in Sources */ = {isa = PBXBuildFile; fileRef = 04252788262842F8000C4DD4 /* UIColor+Extension.swift */; };
		0425278E2628443D000C4DD4 /* Color.xcassets in Resources */ = {isa = PBXBuildFile; fileRef = 0425278D2628443D000C4DD4 /* Color.xcassets */; };
		04252796262856D5000C4DD4 /* GamesCollectionViewController.swift in Sources */ = {isa = PBXBuildFile; fileRef = 04252795262856D5000C4DD4 /* GamesCollectionViewController.swift */; };
		0425279E262856F8000C4DD4 /* FavouriteGamesCollectionViewController.swift in Sources */ = {isa = PBXBuildFile; fileRef = 0425279D262856F8000C4DD4 /* FavouriteGamesCollectionViewController.swift */; };
		042527A4262857E3000C4DD4 /* GameViewModel.swift in Sources */ = {isa = PBXBuildFile; fileRef = 042527A3262857E3000C4DD4 /* GameViewModel.swift */; };
		042527B12628591A000C4DD4 /* GameModel.swift in Sources */ = {isa = PBXBuildFile; fileRef = 042527B02628591A000C4DD4 /* GameModel.swift */; };
		042527BB26285E2B000C4DD4 /* GameCollectionViewCell.swift in Sources */ = {isa = PBXBuildFile; fileRef = 042527B926285E2B000C4DD4 /* GameCollectionViewCell.swift */; };
		042527BC26285E2B000C4DD4 /* GameCollectionViewCell.xib in Resources */ = {isa = PBXBuildFile; fileRef = 042527BA26285E2B000C4DD4 /* GameCollectionViewCell.xib */; };
		047F345A262588E700EAE93D /* TestCaseTests.swift in Sources */ = {isa = PBXBuildFile; fileRef = 047F3459262588E700EAE93D /* TestCaseTests.swift */; };
		047F3465262588E700EAE93D /* TestCaseUITests.swift in Sources */ = {isa = PBXBuildFile; fileRef = 047F3464262588E700EAE93D /* TestCaseUITests.swift */; };
		047F349D26258B6F00EAE93D /* MainTabBarController.swift in Sources */ = {isa = PBXBuildFile; fileRef = 047F349726258B6F00EAE93D /* MainTabBarController.swift */; };
		047F349E26258B6F00EAE93D /* LaunchScreen.storyboard in Resources */ = {isa = PBXBuildFile; fileRef = 047F349926258B6F00EAE93D /* LaunchScreen.storyboard */; };
		047F349F26258B6F00EAE93D /* Main.storyboard in Resources */ = {isa = PBXBuildFile; fileRef = 047F349B26258B6F00EAE93D /* Main.storyboard */; };
		047F34A626258C1100EAE93D /* AppDelegate.swift in Sources */ = {isa = PBXBuildFile; fileRef = 047F34A426258C1100EAE93D /* AppDelegate.swift */; };
		047F34B426258CAA00EAE93D /* GameDetailViewController.swift in Sources */ = {isa = PBXBuildFile; fileRef = 047F34B326258CAA00EAE93D /* GameDetailViewController.swift */; };
		047F34CA26258F3700EAE93D /* Assets.xcassets in Resources */ = {isa = PBXBuildFile; fileRef = 047F34C826258F3700EAE93D /* Assets.xcassets */; };
		04CB45BA262C111600765AA3 /* MultipartFormData.swift in Sources */ = {isa = PBXBuildFile; fileRef = 04CB4596262C111600765AA3 /* MultipartFormData.swift */; };
		04CB45BB262C111600765AA3 /* RequestInterceptor.swift in Sources */ = {isa = PBXBuildFile; fileRef = 04CB4597262C111600765AA3 /* RequestInterceptor.swift */; };
		04CB45BC262C111600765AA3 /* NetworkReachabilityManager.swift in Sources */ = {isa = PBXBuildFile; fileRef = 04CB4598262C111600765AA3 /* NetworkReachabilityManager.swift */; };
		04CB45BD262C111600765AA3 /* ParameterEncoder.swift in Sources */ = {isa = PBXBuildFile; fileRef = 04CB4599262C111600765AA3 /* ParameterEncoder.swift */; };
		04CB45BE262C111600765AA3 /* URLSessionConfiguration+Alamofire.swift in Sources */ = {isa = PBXBuildFile; fileRef = 04CB459A262C111600765AA3 /* URLSessionConfiguration+Alamofire.swift */; };
		04CB45BF262C111600765AA3 /* Session.swift in Sources */ = {isa = PBXBuildFile; fileRef = 04CB459B262C111600765AA3 /* Session.swift */; };
		04CB45C0262C111600765AA3 /* OperationQueue+Alamofire.swift in Sources */ = {isa = PBXBuildFile; fileRef = 04CB459C262C111600765AA3 /* OperationQueue+Alamofire.swift */; };
		04CB45C1262C111600765AA3 /* CachedResponseHandler.swift in Sources */ = {isa = PBXBuildFile; fileRef = 04CB459D262C111600765AA3 /* CachedResponseHandler.swift */; };
		04CB45C2262C111600765AA3 /* StringEncoding+Alamofire.swift in Sources */ = {isa = PBXBuildFile; fileRef = 04CB459E262C111600765AA3 /* StringEncoding+Alamofire.swift */; };
		04CB45C3262C111600765AA3 /* DispatchQueue+Alamofire.swift in Sources */ = {isa = PBXBuildFile; fileRef = 04CB459F262C111600765AA3 /* DispatchQueue+Alamofire.swift */; };
		04CB45C4262C111600765AA3 /* RetryPolicy.swift in Sources */ = {isa = PBXBuildFile; fileRef = 04CB45A0262C111600765AA3 /* RetryPolicy.swift */; };
		04CB45C5262C111600765AA3 /* Protected.swift in Sources */ = {isa = PBXBuildFile; fileRef = 04CB45A1262C111600765AA3 /* Protected.swift */; };
		04CB45C6262C111600765AA3 /* ParameterEncoding.swift in Sources */ = {isa = PBXBuildFile; fileRef = 04CB45A2262C111600765AA3 /* ParameterEncoding.swift */; };
		04CB45C7262C111600765AA3 /* ServerTrustEvaluation.swift in Sources */ = {isa = PBXBuildFile; fileRef = 04CB45A3262C111600765AA3 /* ServerTrustEvaluation.swift */; };
		04CB45C8262C111600765AA3 /* AFError.swift in Sources */ = {isa = PBXBuildFile; fileRef = 04CB45A4262C111600765AA3 /* AFError.swift */; };
		04CB45C9262C111600765AA3 /* RedirectHandler.swift in Sources */ = {isa = PBXBuildFile; fileRef = 04CB45A5262C111600765AA3 /* RedirectHandler.swift */; };
		04CB45CA262C111600765AA3 /* URLEncodedFormEncoder.swift in Sources */ = {isa = PBXBuildFile; fileRef = 04CB45A6262C111600765AA3 /* URLEncodedFormEncoder.swift */; };
		04CB45CB262C111600765AA3 /* AlamofireExtended.swift in Sources */ = {isa = PBXBuildFile; fileRef = 04CB45A7262C111600765AA3 /* AlamofireExtended.swift */; };
		04CB45CC262C111600765AA3 /* HTTPMethod.swift in Sources */ = {isa = PBXBuildFile; fileRef = 04CB45A8262C111600765AA3 /* HTTPMethod.swift */; };
		04CB45CD262C111600765AA3 /* MultipartUpload.swift in Sources */ = {isa = PBXBuildFile; fileRef = 04CB45A9262C111600765AA3 /* MultipartUpload.swift */; };
		04CB45CE262C111600765AA3 /* URLRequest+Alamofire.swift in Sources */ = {isa = PBXBuildFile; fileRef = 04CB45AA262C111600765AA3 /* URLRequest+Alamofire.swift */; };
		04CB45CF262C111600765AA3 /* URLConvertible+URLRequestConvertible.swift in Sources */ = {isa = PBXBuildFile; fileRef = 04CB45AB262C111600765AA3 /* URLConvertible+URLRequestConvertible.swift */; };
		04CB45D0262C111600765AA3 /* RequestTaskMap.swift in Sources */ = {isa = PBXBuildFile; fileRef = 04CB45AC262C111600765AA3 /* RequestTaskMap.swift */; };
		04CB45D1262C111600765AA3 /* Validation.swift in Sources */ = {isa = PBXBuildFile; fileRef = 04CB45AD262C111600765AA3 /* Validation.swift */; };
		04CB45D2262C111600765AA3 /* Notifications.swift in Sources */ = {isa = PBXBuildFile; fileRef = 04CB45AE262C111600765AA3 /* Notifications.swift */; };
		04CB45D3262C111600765AA3 /* AuthenticationInterceptor.swift in Sources */ = {isa = PBXBuildFile; fileRef = 04CB45AF262C111600765AA3 /* AuthenticationInterceptor.swift */; };
		04CB45D4262C111600765AA3 /* Response.swift in Sources */ = {isa = PBXBuildFile; fileRef = 04CB45B0262C111600765AA3 /* Response.swift */; };
		04CB45D5262C111600765AA3 /* Alamofire.swift in Sources */ = {isa = PBXBuildFile; fileRef = 04CB45B1262C111600765AA3 /* Alamofire.swift */; };
		04CB45D6262C111600765AA3 /* Result+Alamofire.swift in Sources */ = {isa = PBXBuildFile; fileRef = 04CB45B2262C111600765AA3 /* Result+Alamofire.swift */; };
		04CB45D7262C111600765AA3 /* Request.swift in Sources */ = {isa = PBXBuildFile; fileRef = 04CB45B3262C111600765AA3 /* Request.swift */; };
		04CB45D8262C111600765AA3 /* HTTPHeaders.swift in Sources */ = {isa = PBXBuildFile; fileRef = 04CB45B4262C111600765AA3 /* HTTPHeaders.swift */; };
		04CB45D9262C111600765AA3 /* EventMonitor.swift in Sources */ = {isa = PBXBuildFile; fileRef = 04CB45B5262C111600765AA3 /* EventMonitor.swift */; };
		04CB45DA262C111600765AA3 /* Combine.swift in Sources */ = {isa = PBXBuildFile; fileRef = 04CB45B6262C111600765AA3 /* Combine.swift */; };
		04CB45DB262C111600765AA3 /* ResponseSerialization.swift in Sources */ = {isa = PBXBuildFile; fileRef = 04CB45B7262C111600765AA3 /* ResponseSerialization.swift */; };
		04CB45DD262C111600765AA3 /* SessionDelegate.swift in Sources */ = {isa = PBXBuildFile; fileRef = 04CB45B9262C111600765AA3 /* SessionDelegate.swift */; };
		04CB45F5262C119800765AA3 /* APIRequestHandler.swift in Sources */ = {isa = PBXBuildFile; fileRef = 04CB45E6262C119800765AA3 /* APIRequestHandler.swift */; };
		04CB45F6262C119800765AA3 /* CodableInit.swift in Sources */ = {isa = PBXBuildFile; fileRef = 04CB45E8262C119800765AA3 /* CodableInit.swift */; };
		04CB45F7262C119800765AA3 /* ResponseHandler.swift in Sources */ = {isa = PBXBuildFile; fileRef = 04CB45E9262C119800765AA3 /* ResponseHandler.swift */; };
		04CB45F8262C119800765AA3 /* AlamofireResponse.swift in Sources */ = {isa = PBXBuildFile; fileRef = 04CB45EA262C119800765AA3 /* AlamofireResponse.swift */; };
		04CB45F9262C119800765AA3 /* DefaultResponse.swift in Sources */ = {isa = PBXBuildFile; fileRef = 04CB45EB262C119800765AA3 /* DefaultResponse.swift */; };
		04CB45FA262C119800765AA3 /* URLRequestBuilder.swift in Sources */ = {isa = PBXBuildFile; fileRef = 04CB45ED262C119800765AA3 /* URLRequestBuilder.swift */; };
		04CB45FB262C119800765AA3 /* UploadData.swift in Sources */ = {isa = PBXBuildFile; fileRef = 04CB45EE262C119800765AA3 /* UploadData.swift */; };
		04CB4610262C142500765AA3 /* GameRoutes.swift in Sources */ = {isa = PBXBuildFile; fileRef = 04CB460F262C142500765AA3 /* GameRoutes.swift */; };
/* End PBXBuildFile section */

/* Begin PBXContainerItemProxy section */
		047F3456262588E700EAE93D /* PBXContainerItemProxy */ = {
			isa = PBXContainerItemProxy;
			containerPortal = 047F3437262588E500EAE93D /* Project object */;
			proxyType = 1;
			remoteGlobalIDString = 047F343E262588E500EAE93D;
			remoteInfo = TestCase;
		};
		047F3461262588E700EAE93D /* PBXContainerItemProxy */ = {
			isa = PBXContainerItemProxy;
			containerPortal = 047F3437262588E500EAE93D /* Project object */;
			proxyType = 1;
			remoteGlobalIDString = 047F343E262588E500EAE93D;
			remoteInfo = TestCase;
		};
/* End PBXContainerItemProxy section */

/* Begin PBXFileReference section */
		0425276526283B53000C4DD4 /* DialogueManager.swift */ = {isa = PBXFileReference; lastKnownFileType = sourcecode.swift; path = DialogueManager.swift; sourceTree = "<group>"; };
		0425276A26283BAD000C4DD4 /* ActivityIndicator.swift */ = {isa = PBXFileReference; lastKnownFileType = sourcecode.swift; path = ActivityIndicator.swift; sourceTree = "<group>"; };
		0425277526283D82000C4DD4 /* RedirectHelper.swift */ = {isa = PBXFileReference; lastKnownFileType = sourcecode.swift; path = RedirectHelper.swift; sourceTree = "<group>"; };
		0425277E2628423F000C4DD4 /* Storyboarded.swift */ = {isa = PBXFileReference; lastKnownFileType = sourcecode.swift; path = Storyboarded.swift; sourceTree = "<group>"; };
		04252783262842A8000C4DD4 /* UIApplication+Extension.swift */ = {isa = PBXFileReference; lastKnownFileType = sourcecode.swift; path = "UIApplication+Extension.swift"; sourceTree = "<group>"; };
		04252788262842F8000C4DD4 /* UIColor+Extension.swift */ = {isa = PBXFileReference; lastKnownFileType = sourcecode.swift; path = "UIColor+Extension.swift"; sourceTree = "<group>"; };
		0425278D2628443D000C4DD4 /* Color.xcassets */ = {isa = PBXFileReference; lastKnownFileType = folder.assetcatalog; path = Color.xcassets; sourceTree = "<group>"; };
		04252795262856D5000C4DD4 /* GamesCollectionViewController.swift */ = {isa = PBXFileReference; lastKnownFileType = sourcecode.swift; path = GamesCollectionViewController.swift; sourceTree = "<group>"; };
		0425279D262856F8000C4DD4 /* FavouriteGamesCollectionViewController.swift */ = {isa = PBXFileReference; lastKnownFileType = sourcecode.swift; path = FavouriteGamesCollectionViewController.swift; sourceTree = "<group>"; };
		042527A3262857E3000C4DD4 /* GameViewModel.swift */ = {isa = PBXFileReference; lastKnownFileType = sourcecode.swift; path = GameViewModel.swift; sourceTree = "<group>"; };
		042527B02628591A000C4DD4 /* GameModel.swift */ = {isa = PBXFileReference; lastKnownFileType = sourcecode.swift; path = GameModel.swift; sourceTree = "<group>"; };
		042527B926285E2B000C4DD4 /* GameCollectionViewCell.swift */ = {isa = PBXFileReference; lastKnownFileType = sourcecode.swift; path = GameCollectionViewCell.swift; sourceTree = "<group>"; };
		042527BA26285E2B000C4DD4 /* GameCollectionViewCell.xib */ = {isa = PBXFileReference; lastKnownFileType = file.xib; path = GameCollectionViewCell.xib; sourceTree = "<group>"; };
		047F343F262588E500EAE93D /* TestCase.app */ = {isa = PBXFileReference; explicitFileType = wrapper.application; includeInIndex = 0; path = TestCase.app; sourceTree = BUILT_PRODUCTS_DIR; };
		047F3455262588E700EAE93D /* TestCaseTests.xctest */ = {isa = PBXFileReference; explicitFileType = wrapper.cfbundle; includeInIndex = 0; path = TestCaseTests.xctest; sourceTree = BUILT_PRODUCTS_DIR; };
		047F3459262588E700EAE93D /* TestCaseTests.swift */ = {isa = PBXFileReference; lastKnownFileType = sourcecode.swift; path = TestCaseTests.swift; sourceTree = "<group>"; };
		047F345B262588E700EAE93D /* Info.plist */ = {isa = PBXFileReference; lastKnownFileType = text.plist.xml; path = Info.plist; sourceTree = "<group>"; };
		047F3460262588E700EAE93D /* TestCaseUITests.xctest */ = {isa = PBXFileReference; explicitFileType = wrapper.cfbundle; includeInIndex = 0; path = TestCaseUITests.xctest; sourceTree = BUILT_PRODUCTS_DIR; };
		047F3464262588E700EAE93D /* TestCaseUITests.swift */ = {isa = PBXFileReference; lastKnownFileType = sourcecode.swift; path = TestCaseUITests.swift; sourceTree = "<group>"; };
		047F3466262588E700EAE93D /* Info.plist */ = {isa = PBXFileReference; lastKnownFileType = text.plist.xml; path = Info.plist; sourceTree = "<group>"; };
		047F349726258B6F00EAE93D /* MainTabBarController.swift */ = {isa = PBXFileReference; fileEncoding = 4; lastKnownFileType = sourcecode.swift; path = MainTabBarController.swift; sourceTree = "<group>"; };
		047F349A26258B6F00EAE93D /* Base */ = {isa = PBXFileReference; lastKnownFileType = file.storyboard; name = Base; path = Base.lproj/LaunchScreen.storyboard; sourceTree = "<group>"; };
		047F349C26258B6F00EAE93D /* Base */ = {isa = PBXFileReference; lastKnownFileType = file.storyboard; name = Base; path = Base.lproj/Main.storyboard; sourceTree = "<group>"; };
		047F34A426258C1100EAE93D /* AppDelegate.swift */ = {isa = PBXFileReference; fileEncoding = 4; lastKnownFileType = sourcecode.swift; path = AppDelegate.swift; sourceTree = "<group>"; };
		047F34B326258CAA00EAE93D /* GameDetailViewController.swift */ = {isa = PBXFileReference; lastKnownFileType = sourcecode.swift; path = GameDetailViewController.swift; sourceTree = "<group>"; };
		047F34C626258F3700EAE93D /* Info.plist */ = {isa = PBXFileReference; fileEncoding = 4; lastKnownFileType = text.plist.xml; path = Info.plist; sourceTree = "<group>"; };
		047F34C826258F3700EAE93D /* Assets.xcassets */ = {isa = PBXFileReference; lastKnownFileType = folder.assetcatalog; path = Assets.xcassets; sourceTree = "<group>"; };
		04CB4596262C111600765AA3 /* MultipartFormData.swift */ = {isa = PBXFileReference; fileEncoding = 4; lastKnownFileType = sourcecode.swift; path = MultipartFormData.swift; sourceTree = "<group>"; };
		04CB4597262C111600765AA3 /* RequestInterceptor.swift */ = {isa = PBXFileReference; fileEncoding = 4; lastKnownFileType = sourcecode.swift; path = RequestInterceptor.swift; sourceTree = "<group>"; };
		04CB4598262C111600765AA3 /* NetworkReachabilityManager.swift */ = {isa = PBXFileReference; fileEncoding = 4; lastKnownFileType = sourcecode.swift; path = NetworkReachabilityManager.swift; sourceTree = "<group>"; };
		04CB4599262C111600765AA3 /* ParameterEncoder.swift */ = {isa = PBXFileReference; fileEncoding = 4; lastKnownFileType = sourcecode.swift; path = ParameterEncoder.swift; sourceTree = "<group>"; };
		04CB459A262C111600765AA3 /* URLSessionConfiguration+Alamofire.swift */ = {isa = PBXFileReference; fileEncoding = 4; lastKnownFileType = sourcecode.swift; path = "URLSessionConfiguration+Alamofire.swift"; sourceTree = "<group>"; };
		04CB459B262C111600765AA3 /* Session.swift */ = {isa = PBXFileReference; fileEncoding = 4; lastKnownFileType = sourcecode.swift; path = Session.swift; sourceTree = "<group>"; };
		04CB459C262C111600765AA3 /* OperationQueue+Alamofire.swift */ = {isa = PBXFileReference; fileEncoding = 4; lastKnownFileType = sourcecode.swift; path = "OperationQueue+Alamofire.swift"; sourceTree = "<group>"; };
		04CB459D262C111600765AA3 /* CachedResponseHandler.swift */ = {isa = PBXFileReference; fileEncoding = 4; lastKnownFileType = sourcecode.swift; path = CachedResponseHandler.swift; sourceTree = "<group>"; };
		04CB459E262C111600765AA3 /* StringEncoding+Alamofire.swift */ = {isa = PBXFileReference; fileEncoding = 4; lastKnownFileType = sourcecode.swift; path = "StringEncoding+Alamofire.swift"; sourceTree = "<group>"; };
		04CB459F262C111600765AA3 /* DispatchQueue+Alamofire.swift */ = {isa = PBXFileReference; fileEncoding = 4; lastKnownFileType = sourcecode.swift; path = "DispatchQueue+Alamofire.swift"; sourceTree = "<group>"; };
		04CB45A0262C111600765AA3 /* RetryPolicy.swift */ = {isa = PBXFileReference; fileEncoding = 4; lastKnownFileType = sourcecode.swift; path = RetryPolicy.swift; sourceTree = "<group>"; };
		04CB45A1262C111600765AA3 /* Protected.swift */ = {isa = PBXFileReference; fileEncoding = 4; lastKnownFileType = sourcecode.swift; path = Protected.swift; sourceTree = "<group>"; };
		04CB45A2262C111600765AA3 /* ParameterEncoding.swift */ = {isa = PBXFileReference; fileEncoding = 4; lastKnownFileType = sourcecode.swift; path = ParameterEncoding.swift; sourceTree = "<group>"; };
		04CB45A3262C111600765AA3 /* ServerTrustEvaluation.swift */ = {isa = PBXFileReference; fileEncoding = 4; lastKnownFileType = sourcecode.swift; path = ServerTrustEvaluation.swift; sourceTree = "<group>"; };
		04CB45A4262C111600765AA3 /* AFError.swift */ = {isa = PBXFileReference; fileEncoding = 4; lastKnownFileType = sourcecode.swift; path = AFError.swift; sourceTree = "<group>"; };
		04CB45A5262C111600765AA3 /* RedirectHandler.swift */ = {isa = PBXFileReference; fileEncoding = 4; lastKnownFileType = sourcecode.swift; path = RedirectHandler.swift; sourceTree = "<group>"; };
		04CB45A6262C111600765AA3 /* URLEncodedFormEncoder.swift */ = {isa = PBXFileReference; fileEncoding = 4; lastKnownFileType = sourcecode.swift; path = URLEncodedFormEncoder.swift; sourceTree = "<group>"; };
		04CB45A7262C111600765AA3 /* AlamofireExtended.swift */ = {isa = PBXFileReference; fileEncoding = 4; lastKnownFileType = sourcecode.swift; path = AlamofireExtended.swift; sourceTree = "<group>"; };
		04CB45A8262C111600765AA3 /* HTTPMethod.swift */ = {isa = PBXFileReference; fileEncoding = 4; lastKnownFileType = sourcecode.swift; path = HTTPMethod.swift; sourceTree = "<group>"; };
		04CB45A9262C111600765AA3 /* MultipartUpload.swift */ = {isa = PBXFileReference; fileEncoding = 4; lastKnownFileType = sourcecode.swift; path = MultipartUpload.swift; sourceTree = "<group>"; };
		04CB45AA262C111600765AA3 /* URLRequest+Alamofire.swift */ = {isa = PBXFileReference; fileEncoding = 4; lastKnownFileType = sourcecode.swift; path = "URLRequest+Alamofire.swift"; sourceTree = "<group>"; };
		04CB45AB262C111600765AA3 /* URLConvertible+URLRequestConvertible.swift */ = {isa = PBXFileReference; fileEncoding = 4; lastKnownFileType = sourcecode.swift; path = "URLConvertible+URLRequestConvertible.swift"; sourceTree = "<group>"; };
		04CB45AC262C111600765AA3 /* RequestTaskMap.swift */ = {isa = PBXFileReference; fileEncoding = 4; lastKnownFileType = sourcecode.swift; path = RequestTaskMap.swift; sourceTree = "<group>"; };
		04CB45AD262C111600765AA3 /* Validation.swift */ = {isa = PBXFileReference; fileEncoding = 4; lastKnownFileType = sourcecode.swift; path = Validation.swift; sourceTree = "<group>"; };
		04CB45AE262C111600765AA3 /* Notifications.swift */ = {isa = PBXFileReference; fileEncoding = 4; lastKnownFileType = sourcecode.swift; path = Notifications.swift; sourceTree = "<group>"; };
		04CB45AF262C111600765AA3 /* AuthenticationInterceptor.swift */ = {isa = PBXFileReference; fileEncoding = 4; lastKnownFileType = sourcecode.swift; path = AuthenticationInterceptor.swift; sourceTree = "<group>"; };
		04CB45B0262C111600765AA3 /* Response.swift */ = {isa = PBXFileReference; fileEncoding = 4; lastKnownFileType = sourcecode.swift; path = Response.swift; sourceTree = "<group>"; };
		04CB45B1262C111600765AA3 /* Alamofire.swift */ = {isa = PBXFileReference; fileEncoding = 4; lastKnownFileType = sourcecode.swift; path = Alamofire.swift; sourceTree = "<group>"; };
		04CB45B2262C111600765AA3 /* Result+Alamofire.swift */ = {isa = PBXFileReference; fileEncoding = 4; lastKnownFileType = sourcecode.swift; path = "Result+Alamofire.swift"; sourceTree = "<group>"; };
		04CB45B3262C111600765AA3 /* Request.swift */ = {isa = PBXFileReference; fileEncoding = 4; lastKnownFileType = sourcecode.swift; path = Request.swift; sourceTree = "<group>"; };
		04CB45B4262C111600765AA3 /* HTTPHeaders.swift */ = {isa = PBXFileReference; fileEncoding = 4; lastKnownFileType = sourcecode.swift; path = HTTPHeaders.swift; sourceTree = "<group>"; };
		04CB45B5262C111600765AA3 /* EventMonitor.swift */ = {isa = PBXFileReference; fileEncoding = 4; lastKnownFileType = sourcecode.swift; path = EventMonitor.swift; sourceTree = "<group>"; };
		04CB45B6262C111600765AA3 /* Combine.swift */ = {isa = PBXFileReference; fileEncoding = 4; lastKnownFileType = sourcecode.swift; path = Combine.swift; sourceTree = "<group>"; };
		04CB45B7262C111600765AA3 /* ResponseSerialization.swift */ = {isa = PBXFileReference; fileEncoding = 4; lastKnownFileType = sourcecode.swift; path = ResponseSerialization.swift; sourceTree = "<group>"; };
		04CB45B9262C111600765AA3 /* SessionDelegate.swift */ = {isa = PBXFileReference; fileEncoding = 4; lastKnownFileType = sourcecode.swift; path = SessionDelegate.swift; sourceTree = "<group>"; };
		04CB45E6262C119800765AA3 /* APIRequestHandler.swift */ = {isa = PBXFileReference; fileEncoding = 4; lastKnownFileType = sourcecode.swift; path = APIRequestHandler.swift; sourceTree = "<group>"; };
		04CB45E8262C119800765AA3 /* CodableInit.swift */ = {isa = PBXFileReference; fileEncoding = 4; lastKnownFileType = sourcecode.swift; path = CodableInit.swift; sourceTree = "<group>"; };
		04CB45E9262C119800765AA3 /* ResponseHandler.swift */ = {isa = PBXFileReference; fileEncoding = 4; lastKnownFileType = sourcecode.swift; path = ResponseHandler.swift; sourceTree = "<group>"; };
		04CB45EA262C119800765AA3 /* AlamofireResponse.swift */ = {isa = PBXFileReference; fileEncoding = 4; lastKnownFileType = sourcecode.swift; path = AlamofireResponse.swift; sourceTree = "<group>"; };
		04CB45EB262C119800765AA3 /* DefaultResponse.swift */ = {isa = PBXFileReference; fileEncoding = 4; lastKnownFileType = sourcecode.swift; path = DefaultResponse.swift; sourceTree = "<group>"; };
		04CB45ED262C119800765AA3 /* URLRequestBuilder.swift */ = {isa = PBXFileReference; fileEncoding = 4; lastKnownFileType = sourcecode.swift; path = URLRequestBuilder.swift; sourceTree = "<group>"; };
		04CB45EE262C119800765AA3 /* UploadData.swift */ = {isa = PBXFileReference; fileEncoding = 4; lastKnownFileType = sourcecode.swift; path = UploadData.swift; sourceTree = "<group>"; };
		04CB460F262C142500765AA3 /* GameRoutes.swift */ = {isa = PBXFileReference; lastKnownFileType = sourcecode.swift; path = GameRoutes.swift; sourceTree = "<group>"; };
/* End PBXFileReference section */

/* Begin PBXFrameworksBuildPhase section */
		047F343C262588E500EAE93D /* Frameworks */ = {
			isa = PBXFrameworksBuildPhase;
			buildActionMask = 2147483647;
			files = (
			);
			runOnlyForDeploymentPostprocessing = 0;
		};
		047F3452262588E700EAE93D /* Frameworks */ = {
			isa = PBXFrameworksBuildPhase;
			buildActionMask = 2147483647;
			files = (
			);
			runOnlyForDeploymentPostprocessing = 0;
		};
		047F345D262588E700EAE93D /* Frameworks */ = {
			isa = PBXFrameworksBuildPhase;
			buildActionMask = 2147483647;
			files = (
			);
			runOnlyForDeploymentPostprocessing = 0;
		};
/* End PBXFrameworksBuildPhase section */

/* Begin PBXGroup section */
		0425276426283B31000C4DD4 /* Helper */ = {
			isa = PBXGroup;
			children = (
				0425276526283B53000C4DD4 /* DialogueManager.swift */,
				0425276A26283BAD000C4DD4 /* ActivityIndicator.swift */,
				0425277526283D82000C4DD4 /* RedirectHelper.swift */,
			);
			path = Helper;
			sourceTree = "<group>";
		};
		0425277D2628420A000C4DD4 /* Extensions */ = {
			isa = PBXGroup;
			children = (
				0425277E2628423F000C4DD4 /* Storyboarded.swift */,
				04252783262842A8000C4DD4 /* UIApplication+Extension.swift */,
				04252788262842F8000C4DD4 /* UIColor+Extension.swift */,
			);
			path = Extensions;
			sourceTree = "<group>";
		};
		042527A2262857D1000C4DD4 /* Response */ = {
			isa = PBXGroup;
			children = (
				042527B02628591A000C4DD4 /* GameModel.swift */,
			);
			path = Response;
			sourceTree = "<group>";
		};
		042527B526285C2D000C4DD4 /* Views */ = {
			isa = PBXGroup;
			children = (
				042527B626285C2D000C4DD4 /* TableView */,
				042527B726285C2D000C4DD4 /* CollectionView */,
			);
			name = Views;
			path = TestCase/Views;
			sourceTree = SOURCE_ROOT;
		};
		042527B626285C2D000C4DD4 /* TableView */ = {
			isa = PBXGroup;
			children = (
			);
			path = TableView;
			sourceTree = "<group>";
		};
		042527B726285C2D000C4DD4 /* CollectionView */ = {
			isa = PBXGroup;
			children = (
				042527B826285C2D000C4DD4 /* GameCollectionViewCell */,
			);
			path = CollectionView;
			sourceTree = "<group>";
		};
		042527B826285C2D000C4DD4 /* GameCollectionViewCell */ = {
			isa = PBXGroup;
			children = (
				042527B926285E2B000C4DD4 /* GameCollectionViewCell.swift */,
				042527BA26285E2B000C4DD4 /* GameCollectionViewCell.xib */,
			);
			path = GameCollectionViewCell;
			sourceTree = "<group>";
		};
		047F3436262588E500EAE93D = {
			isa = PBXGroup;
			children = (
				047F3441262588E500EAE93D /* TestCase */,
				047F3458262588E700EAE93D /* TestCaseTests */,
				047F3463262588E700EAE93D /* TestCaseUITests */,
				047F3440262588E500EAE93D /* Products */,
			);
			sourceTree = "<group>";
		};
		047F3440262588E500EAE93D /* Products */ = {
			isa = PBXGroup;
			children = (
				047F343F262588E500EAE93D /* TestCase.app */,
				047F3455262588E700EAE93D /* TestCaseTests.xctest */,
				047F3460262588E700EAE93D /* TestCaseUITests.xctest */,
			);
			name = Products;
			sourceTree = "<group>";
		};
		047F3441262588E500EAE93D /* TestCase */ = {
			isa = PBXGroup;
			children = (
				04CB45E4262C119800765AA3 /* Networking */,
				04CB4595262C111600765AA3 /* AlamofireSource */,
				0425277D2628420A000C4DD4 /* Extensions */,
				0425276426283B31000C4DD4 /* Helper */,
				047F34C726258F3700EAE93D /* Assets */,
				047F34C526258F3700EAE93D /* SupportingFiles */,
				047F34A326258C1100EAE93D /* App lifecycle */,
				047F349526258B6F00EAE93D /* Source */,
				047F349826258B6F00EAE93D /* Stroyboards */,
			);
			path = TestCase;
			sourceTree = "<group>";
		};
		047F3458262588E700EAE93D /* TestCaseTests */ = {
			isa = PBXGroup;
			children = (
				047F3459262588E700EAE93D /* TestCaseTests.swift */,
				047F345B262588E700EAE93D /* Info.plist */,
			);
			path = TestCaseTests;
			sourceTree = "<group>";
		};
		047F3463262588E700EAE93D /* TestCaseUITests */ = {
			isa = PBXGroup;
			children = (
				047F3464262588E700EAE93D /* TestCaseUITests.swift */,
				047F3466262588E700EAE93D /* Info.plist */,
			);
			path = TestCaseUITests;
			sourceTree = "<group>";
		};
		047F349526258B6F00EAE93D /* Source */ = {
			isa = PBXGroup;
			children = (
				042527B526285C2D000C4DD4 /* Views */,
				047F34AD26258C8300EAE93D /* FavouriteGames */,
				047F34AB26258C8300EAE93D /* GameDetail */,
				047F34AC26258C8300EAE93D /* Games */,
				047F349626258B6F00EAE93D /* Tab bar */,
			);
			path = Source;
			sourceTree = "<group>";
		};
		047F349626258B6F00EAE93D /* Tab bar */ = {
			isa = PBXGroup;
			children = (
				047F349726258B6F00EAE93D /* MainTabBarController.swift */,
			);
			path = "Tab bar";
			sourceTree = "<group>";
		};
		047F349826258B6F00EAE93D /* Stroyboards */ = {
			isa = PBXGroup;
			children = (
				047F349926258B6F00EAE93D /* LaunchScreen.storyboard */,
				047F349B26258B6F00EAE93D /* Main.storyboard */,
			);
			path = Stroyboards;
			sourceTree = "<group>";
		};
		047F34A326258C1100EAE93D /* App lifecycle */ = {
			isa = PBXGroup;
			children = (
				047F34A426258C1100EAE93D /* AppDelegate.swift */,
			);
			path = "App lifecycle";
			sourceTree = "<group>";
		};
		047F34AB26258C8300EAE93D /* GameDetail */ = {
			isa = PBXGroup;
			children = (
				047F34B326258CAA00EAE93D /* GameDetailViewController.swift */,
			);
			path = GameDetail;
			sourceTree = "<group>";
		};
		047F34AC26258C8300EAE93D /* Games */ = {
			isa = PBXGroup;
			children = (
				042527A2262857D1000C4DD4 /* Response */,
				04252795262856D5000C4DD4 /* GamesCollectionViewController.swift */,
				042527A3262857E3000C4DD4 /* GameViewModel.swift */,
			);
			path = Games;
			sourceTree = "<group>";
		};
		047F34AD26258C8300EAE93D /* FavouriteGames */ = {
			isa = PBXGroup;
			children = (
				0425279D262856F8000C4DD4 /* FavouriteGamesCollectionViewController.swift */,
			);
			path = FavouriteGames;
			sourceTree = "<group>";
		};
		047F34C526258F3700EAE93D /* SupportingFiles */ = {
			isa = PBXGroup;
			children = (
				047F34C626258F3700EAE93D /* Info.plist */,
			);
			path = SupportingFiles;
			sourceTree = "<group>";
		};
		047F34C726258F3700EAE93D /* Assets */ = {
			isa = PBXGroup;
			children = (
				047F34C826258F3700EAE93D /* Assets.xcassets */,
				0425278D2628443D000C4DD4 /* Color.xcassets */,
			);
			path = Assets;
			sourceTree = "<group>";
		};
		04CB4595262C111600765AA3 /* AlamofireSource */ = {
			isa = PBXGroup;
			children = (
				04CB4596262C111600765AA3 /* MultipartFormData.swift */,
				04CB4597262C111600765AA3 /* RequestInterceptor.swift */,
				04CB4598262C111600765AA3 /* NetworkReachabilityManager.swift */,
				04CB4599262C111600765AA3 /* ParameterEncoder.swift */,
				04CB459A262C111600765AA3 /* URLSessionConfiguration+Alamofire.swift */,
				04CB459B262C111600765AA3 /* Session.swift */,
				04CB459C262C111600765AA3 /* OperationQueue+Alamofire.swift */,
				04CB459D262C111600765AA3 /* CachedResponseHandler.swift */,
				04CB459E262C111600765AA3 /* StringEncoding+Alamofire.swift */,
				04CB459F262C111600765AA3 /* DispatchQueue+Alamofire.swift */,
				04CB45A0262C111600765AA3 /* RetryPolicy.swift */,
				04CB45A1262C111600765AA3 /* Protected.swift */,
				04CB45A2262C111600765AA3 /* ParameterEncoding.swift */,
				04CB45A3262C111600765AA3 /* ServerTrustEvaluation.swift */,
				04CB45A4262C111600765AA3 /* AFError.swift */,
				04CB45A5262C111600765AA3 /* RedirectHandler.swift */,
				04CB45A6262C111600765AA3 /* URLEncodedFormEncoder.swift */,
				04CB45A7262C111600765AA3 /* AlamofireExtended.swift */,
				04CB45A8262C111600765AA3 /* HTTPMethod.swift */,
				04CB45A9262C111600765AA3 /* MultipartUpload.swift */,
				04CB45AA262C111600765AA3 /* URLRequest+Alamofire.swift */,
				04CB45AB262C111600765AA3 /* URLConvertible+URLRequestConvertible.swift */,
				04CB45AC262C111600765AA3 /* RequestTaskMap.swift */,
				04CB45AD262C111600765AA3 /* Validation.swift */,
				04CB45AE262C111600765AA3 /* Notifications.swift */,
				04CB45AF262C111600765AA3 /* AuthenticationInterceptor.swift */,
				04CB45B0262C111600765AA3 /* Response.swift */,
				04CB45B1262C111600765AA3 /* Alamofire.swift */,
				04CB45B2262C111600765AA3 /* Result+Alamofire.swift */,
				04CB45B3262C111600765AA3 /* Request.swift */,
				04CB45B4262C111600765AA3 /* HTTPHeaders.swift */,
				04CB45B5262C111600765AA3 /* EventMonitor.swift */,
				04CB45B6262C111600765AA3 /* Combine.swift */,
				04CB45B7262C111600765AA3 /* ResponseSerialization.swift */,
				04CB45B9262C111600765AA3 /* SessionDelegate.swift */,
			);
			path = AlamofireSource;
			sourceTree = "<group>";
		};
		04CB45E4262C119800765AA3 /* Networking */ = {
			isa = PBXGroup;
			children = (
				04CB45E5262C119800765AA3 /* RequestHandlers */,
				04CB45E7262C119800765AA3 /* Response */,
				04CB45EC262C119800765AA3 /* Requests */,
				04CB45EF262C119800765AA3 /* Routes */,
			);
			path = Networking;
			sourceTree = "<group>";
		};
		04CB45E5262C119800765AA3 /* RequestHandlers */ = {
			isa = PBXGroup;
			children = (
				04CB45E6262C119800765AA3 /* APIRequestHandler.swift */,
			);
			path = RequestHandlers;
			sourceTree = "<group>";
		};
		04CB45E7262C119800765AA3 /* Response */ = {
			isa = PBXGroup;
			children = (
				04CB45E8262C119800765AA3 /* CodableInit.swift */,
				04CB45E9262C119800765AA3 /* ResponseHandler.swift */,
				04CB45EA262C119800765AA3 /* AlamofireResponse.swift */,
				04CB45EB262C119800765AA3 /* DefaultResponse.swift */,
			);
			path = Response;
			sourceTree = "<group>";
		};
		04CB45EC262C119800765AA3 /* Requests */ = {
			isa = PBXGroup;
			children = (
				04CB45ED262C119800765AA3 /* URLRequestBuilder.swift */,
				04CB45EE262C119800765AA3 /* UploadData.swift */,
			);
			path = Requests;
			sourceTree = "<group>";
		};
		04CB45EF262C119800765AA3 /* Routes */ = {
			isa = PBXGroup;
			children = (
				04CB460F262C142500765AA3 /* GameRoutes.swift */,
			);
			path = Routes;
			sourceTree = "<group>";
		};
/* End PBXGroup section */

/* Begin PBXNativeTarget section */
		047F343E262588E500EAE93D /* TestCase */ = {
			isa = PBXNativeTarget;
			buildConfigurationList = 047F3469262588E700EAE93D /* Build configuration list for PBXNativeTarget "TestCase" */;
			buildPhases = (
				047F343B262588E500EAE93D /* Sources */,
				047F343C262588E500EAE93D /* Frameworks */,
				047F343D262588E500EAE93D /* Resources */,
			);
			buildRules = (
			);
			dependencies = (
			);
			name = TestCase;
			productName = TestCase;
			productReference = 047F343F262588E500EAE93D /* TestCase.app */;
			productType = "com.apple.product-type.application";
		};
		047F3454262588E700EAE93D /* TestCaseTests */ = {
			isa = PBXNativeTarget;
			buildConfigurationList = 047F346C262588E700EAE93D /* Build configuration list for PBXNativeTarget "TestCaseTests" */;
			buildPhases = (
				047F3451262588E700EAE93D /* Sources */,
				047F3452262588E700EAE93D /* Frameworks */,
				047F3453262588E700EAE93D /* Resources */,
			);
			buildRules = (
			);
			dependencies = (
				047F3457262588E700EAE93D /* PBXTargetDependency */,
			);
			name = TestCaseTests;
			productName = TestCaseTests;
			productReference = 047F3455262588E700EAE93D /* TestCaseTests.xctest */;
			productType = "com.apple.product-type.bundle.unit-test";
		};
		047F345F262588E700EAE93D /* TestCaseUITests */ = {
			isa = PBXNativeTarget;
			buildConfigurationList = 047F346F262588E700EAE93D /* Build configuration list for PBXNativeTarget "TestCaseUITests" */;
			buildPhases = (
				047F345C262588E700EAE93D /* Sources */,
				047F345D262588E700EAE93D /* Frameworks */,
				047F345E262588E700EAE93D /* Resources */,
			);
			buildRules = (
			);
			dependencies = (
				047F3462262588E700EAE93D /* PBXTargetDependency */,
			);
			name = TestCaseUITests;
			productName = TestCaseUITests;
			productReference = 047F3460262588E700EAE93D /* TestCaseUITests.xctest */;
			productType = "com.apple.product-type.bundle.ui-testing";
		};
/* End PBXNativeTarget section */

/* Begin PBXProject section */
		047F3437262588E500EAE93D /* Project object */ = {
			isa = PBXProject;
			attributes = {
				LastSwiftUpdateCheck = 1200;
				LastUpgradeCheck = 1200;
				TargetAttributes = {
					047F343E262588E500EAE93D = {
						CreatedOnToolsVersion = 12.0;
					};
					047F3454262588E700EAE93D = {
						CreatedOnToolsVersion = 12.0;
						TestTargetID = 047F343E262588E500EAE93D;
					};
					047F345F262588E700EAE93D = {
						CreatedOnToolsVersion = 12.0;
						TestTargetID = 047F343E262588E500EAE93D;
					};
				};
			};
			buildConfigurationList = 047F343A262588E500EAE93D /* Build configuration list for PBXProject "TestCase" */;
			compatibilityVersion = "Xcode 9.3";
			developmentRegion = en;
			hasScannedForEncodings = 0;
			knownRegions = (
				en,
				Base,
			);
			mainGroup = 047F3436262588E500EAE93D;
			productRefGroup = 047F3440262588E500EAE93D /* Products */;
			projectDirPath = "";
			projectRoot = "";
			targets = (
				047F343E262588E500EAE93D /* TestCase */,
				047F3454262588E700EAE93D /* TestCaseTests */,
				047F345F262588E700EAE93D /* TestCaseUITests */,
			);
		};
/* End PBXProject section */

/* Begin PBXResourcesBuildPhase section */
		047F343D262588E500EAE93D /* Resources */ = {
			isa = PBXResourcesBuildPhase;
			buildActionMask = 2147483647;
			files = (
				047F349F26258B6F00EAE93D /* Main.storyboard in Resources */,
				042527BC26285E2B000C4DD4 /* GameCollectionViewCell.xib in Resources */,
				0425278E2628443D000C4DD4 /* Color.xcassets in Resources */,
				047F349E26258B6F00EAE93D /* LaunchScreen.storyboard in Resources */,
				047F34CA26258F3700EAE93D /* Assets.xcassets in Resources */,
			);
			runOnlyForDeploymentPostprocessing = 0;
		};
		047F3453262588E700EAE93D /* Resources */ = {
			isa = PBXResourcesBuildPhase;
			buildActionMask = 2147483647;
			files = (
			);
			runOnlyForDeploymentPostprocessing = 0;
		};
		047F345E262588E700EAE93D /* Resources */ = {
			isa = PBXResourcesBuildPhase;
			buildActionMask = 2147483647;
			files = (
			);
			runOnlyForDeploymentPostprocessing = 0;
		};
/* End PBXResourcesBuildPhase section */

/* Begin PBXSourcesBuildPhase section */
		047F343B262588E500EAE93D /* Sources */ = {
			isa = PBXSourcesBuildPhase;
			buildActionMask = 2147483647;
			files = (
				04CB45C3262C111600765AA3 /* DispatchQueue+Alamofire.swift in Sources */,
				04CB45BF262C111600765AA3 /* Session.swift in Sources */,
				04CB45C5262C111600765AA3 /* Protected.swift in Sources */,
				042527A4262857E3000C4DD4 /* GameViewModel.swift in Sources */,
				04CB45C0262C111600765AA3 /* OperationQueue+Alamofire.swift in Sources */,
				04CB45C2262C111600765AA3 /* StringEncoding+Alamofire.swift in Sources */,
				04CB45D5262C111600765AA3 /* Alamofire.swift in Sources */,
				04CB45BC262C111600765AA3 /* NetworkReachabilityManager.swift in Sources */,
				047F34A626258C1100EAE93D /* AppDelegate.swift in Sources */,
				04CB45CA262C111600765AA3 /* URLEncodedFormEncoder.swift in Sources */,
				04CB45FB262C119800765AA3 /* UploadData.swift in Sources */,
				04CB45F8262C119800765AA3 /* AlamofireResponse.swift in Sources */,
				04CB45FA262C119800765AA3 /* URLRequestBuilder.swift in Sources */,
				04252789262842F8000C4DD4 /* UIColor+Extension.swift in Sources */,
				047F34B426258CAA00EAE93D /* GameDetailViewController.swift in Sources */,
				0425279E262856F8000C4DD4 /* FavouriteGamesCollectionViewController.swift in Sources */,
				04CB4610262C142500765AA3 /* GameRoutes.swift in Sources */,
				04CB45DD262C111600765AA3 /* SessionDelegate.swift in Sources */,
				0425276B26283BAD000C4DD4 /* ActivityIndicator.swift in Sources */,
				04CB45C9262C111600765AA3 /* RedirectHandler.swift in Sources */,
				04CB45CC262C111600765AA3 /* HTTPMethod.swift in Sources */,
				0425277F2628423F000C4DD4 /* Storyboarded.swift in Sources */,
				0425276626283B53000C4DD4 /* DialogueManager.swift in Sources */,
				04CB45F5262C119800765AA3 /* APIRequestHandler.swift in Sources */,
				04CB45D6262C111600765AA3 /* Result+Alamofire.swift in Sources */,
				04CB45F9262C119800765AA3 /* DefaultResponse.swift in Sources */,
				04CB45DB262C111600765AA3 /* ResponseSerialization.swift in Sources */,
				04CB45D3262C111600765AA3 /* AuthenticationInterceptor.swift in Sources */,
				04CB45F6262C119800765AA3 /* CodableInit.swift in Sources */,
				0425277626283D82000C4DD4 /* RedirectHelper.swift in Sources */,
				04CB45D2262C111600765AA3 /* Notifications.swift in Sources */,
				04CB45BA262C111600765AA3 /* MultipartFormData.swift in Sources */,
				04252784262842A8000C4DD4 /* UIApplication+Extension.swift in Sources */,
				04CB45D0262C111600765AA3 /* RequestTaskMap.swift in Sources */,
				04CB45F7262C119800765AA3 /* ResponseHandler.swift in Sources */,
				04CB45CB262C111600765AA3 /* AlamofireExtended.swift in Sources */,
				04CB45BD262C111600765AA3 /* ParameterEncoder.swift in Sources */,
				04CB45D8262C111600765AA3 /* HTTPHeaders.swift in Sources */,
				04CB45C8262C111600765AA3 /* AFError.swift in Sources */,
				04CB45C6262C111600765AA3 /* ParameterEncoding.swift in Sources */,
				04CB45BB262C111600765AA3 /* RequestInterceptor.swift in Sources */,
				04CB45CF262C111600765AA3 /* URLConvertible+URLRequestConvertible.swift in Sources */,
				04CB45CD262C111600765AA3 /* MultipartUpload.swift in Sources */,
				04CB45C4262C111600765AA3 /* RetryPolicy.swift in Sources */,
				042527BB26285E2B000C4DD4 /* GameCollectionViewCell.swift in Sources */,
				04CB45D4262C111600765AA3 /* Response.swift in Sources */,
				04252796262856D5000C4DD4 /* GamesCollectionViewController.swift in Sources */,
				04CB45CE262C111600765AA3 /* URLRequest+Alamofire.swift in Sources */,
				04CB45D7262C111600765AA3 /* Request.swift in Sources */,
				04CB45D1262C111600765AA3 /* Validation.swift in Sources */,
				04CB45DA262C111600765AA3 /* Combine.swift in Sources */,
				042527B12628591A000C4DD4 /* GameModel.swift in Sources */,
				04CB45C1262C111600765AA3 /* CachedResponseHandler.swift in Sources */,
				04CB45BE262C111600765AA3 /* URLSessionConfiguration+Alamofire.swift in Sources */,
				047F349D26258B6F00EAE93D /* MainTabBarController.swift in Sources */,
				04CB45C7262C111600765AA3 /* ServerTrustEvaluation.swift in Sources */,
				04CB45D9262C111600765AA3 /* EventMonitor.swift in Sources */,
			);
			runOnlyForDeploymentPostprocessing = 0;
		};
		047F3451262588E700EAE93D /* Sources */ = {
			isa = PBXSourcesBuildPhase;
			buildActionMask = 2147483647;
			files = (
				047F345A262588E700EAE93D /* TestCaseTests.swift in Sources */,
			);
			runOnlyForDeploymentPostprocessing = 0;
		};
		047F345C262588E700EAE93D /* Sources */ = {
			isa = PBXSourcesBuildPhase;
			buildActionMask = 2147483647;
			files = (
				047F3465262588E700EAE93D /* TestCaseUITests.swift in Sources */,
			);
			runOnlyForDeploymentPostprocessing = 0;
		};
/* End PBXSourcesBuildPhase section */

/* Begin PBXTargetDependency section */
		047F3457262588E700EAE93D /* PBXTargetDependency */ = {
			isa = PBXTargetDependency;
			target = 047F343E262588E500EAE93D /* TestCase */;
			targetProxy = 047F3456262588E700EAE93D /* PBXContainerItemProxy */;
		};
		047F3462262588E700EAE93D /* PBXTargetDependency */ = {
			isa = PBXTargetDependency;
			target = 047F343E262588E500EAE93D /* TestCase */;
			targetProxy = 047F3461262588E700EAE93D /* PBXContainerItemProxy */;
		};
/* End PBXTargetDependency section */

/* Begin PBXVariantGroup section */
		047F349926258B6F00EAE93D /* LaunchScreen.storyboard */ = {
			isa = PBXVariantGroup;
			children = (
				047F349A26258B6F00EAE93D /* Base */,
			);
			name = LaunchScreen.storyboard;
			sourceTree = "<group>";
		};
		047F349B26258B6F00EAE93D /* Main.storyboard */ = {
			isa = PBXVariantGroup;
			children = (
				047F349C26258B6F00EAE93D /* Base */,
			);
			name = Main.storyboard;
			sourceTree = "<group>";
		};
/* End PBXVariantGroup section */

/* Begin XCBuildConfiguration section */
		047F3467262588E700EAE93D /* Debug */ = {
			isa = XCBuildConfiguration;
			buildSettings = {
				ALWAYS_SEARCH_USER_PATHS = NO;
				CLANG_ANALYZER_NONNULL = YES;
				CLANG_ANALYZER_NUMBER_OBJECT_CONVERSION = YES_AGGRESSIVE;
				CLANG_CXX_LANGUAGE_STANDARD = "gnu++14";
				CLANG_CXX_LIBRARY = "libc++";
				CLANG_ENABLE_MODULES = YES;
				CLANG_ENABLE_OBJC_ARC = YES;
				CLANG_ENABLE_OBJC_WEAK = YES;
				CLANG_WARN_BLOCK_CAPTURE_AUTORELEASING = YES;
				CLANG_WARN_BOOL_CONVERSION = YES;
				CLANG_WARN_COMMA = YES;
				CLANG_WARN_CONSTANT_CONVERSION = YES;
				CLANG_WARN_DEPRECATED_OBJC_IMPLEMENTATIONS = YES;
				CLANG_WARN_DIRECT_OBJC_ISA_USAGE = YES_ERROR;
				CLANG_WARN_DOCUMENTATION_COMMENTS = YES;
				CLANG_WARN_EMPTY_BODY = YES;
				CLANG_WARN_ENUM_CONVERSION = YES;
				CLANG_WARN_INFINITE_RECURSION = YES;
				CLANG_WARN_INT_CONVERSION = YES;
				CLANG_WARN_NON_LITERAL_NULL_CONVERSION = YES;
				CLANG_WARN_OBJC_IMPLICIT_RETAIN_SELF = YES;
				CLANG_WARN_OBJC_LITERAL_CONVERSION = YES;
				CLANG_WARN_OBJC_ROOT_CLASS = YES_ERROR;
				CLANG_WARN_QUOTED_INCLUDE_IN_FRAMEWORK_HEADER = YES;
				CLANG_WARN_RANGE_LOOP_ANALYSIS = YES;
				CLANG_WARN_STRICT_PROTOTYPES = YES;
				CLANG_WARN_SUSPICIOUS_MOVE = YES;
				CLANG_WARN_UNGUARDED_AVAILABILITY = YES_AGGRESSIVE;
				CLANG_WARN_UNREACHABLE_CODE = YES;
				CLANG_WARN__DUPLICATE_METHOD_MATCH = YES;
				COPY_PHASE_STRIP = NO;
				DEBUG_INFORMATION_FORMAT = dwarf;
				ENABLE_STRICT_OBJC_MSGSEND = YES;
				ENABLE_TESTABILITY = YES;
				GCC_C_LANGUAGE_STANDARD = gnu11;
				GCC_DYNAMIC_NO_PIC = NO;
				GCC_NO_COMMON_BLOCKS = YES;
				GCC_OPTIMIZATION_LEVEL = 0;
				GCC_PREPROCESSOR_DEFINITIONS = (
					"DEBUG=1",
					"$(inherited)",
				);
				GCC_WARN_64_TO_32_BIT_CONVERSION = YES;
				GCC_WARN_ABOUT_RETURN_TYPE = YES_ERROR;
				GCC_WARN_UNDECLARED_SELECTOR = YES;
				GCC_WARN_UNINITIALIZED_AUTOS = YES_AGGRESSIVE;
				GCC_WARN_UNUSED_FUNCTION = YES;
				GCC_WARN_UNUSED_VARIABLE = YES;
				IPHONEOS_DEPLOYMENT_TARGET = 11.0;
				MTL_ENABLE_DEBUG_INFO = INCLUDE_SOURCE;
				MTL_FAST_MATH = YES;
				ONLY_ACTIVE_ARCH = YES;
				SDKROOT = iphoneos;
				SWIFT_ACTIVE_COMPILATION_CONDITIONS = DEBUG;
				SWIFT_OPTIMIZATION_LEVEL = "-Onone";
			};
			name = Debug;
		};
		047F3468262588E700EAE93D /* Release */ = {
			isa = XCBuildConfiguration;
			buildSettings = {
				ALWAYS_SEARCH_USER_PATHS = NO;
				CLANG_ANALYZER_NONNULL = YES;
				CLANG_ANALYZER_NUMBER_OBJECT_CONVERSION = YES_AGGRESSIVE;
				CLANG_CXX_LANGUAGE_STANDARD = "gnu++14";
				CLANG_CXX_LIBRARY = "libc++";
				CLANG_ENABLE_MODULES = YES;
				CLANG_ENABLE_OBJC_ARC = YES;
				CLANG_ENABLE_OBJC_WEAK = YES;
				CLANG_WARN_BLOCK_CAPTURE_AUTORELEASING = YES;
				CLANG_WARN_BOOL_CONVERSION = YES;
				CLANG_WARN_COMMA = YES;
				CLANG_WARN_CONSTANT_CONVERSION = YES;
				CLANG_WARN_DEPRECATED_OBJC_IMPLEMENTATIONS = YES;
				CLANG_WARN_DIRECT_OBJC_ISA_USAGE = YES_ERROR;
				CLANG_WARN_DOCUMENTATION_COMMENTS = YES;
				CLANG_WARN_EMPTY_BODY = YES;
				CLANG_WARN_ENUM_CONVERSION = YES;
				CLANG_WARN_INFINITE_RECURSION = YES;
				CLANG_WARN_INT_CONVERSION = YES;
				CLANG_WARN_NON_LITERAL_NULL_CONVERSION = YES;
				CLANG_WARN_OBJC_IMPLICIT_RETAIN_SELF = YES;
				CLANG_WARN_OBJC_LITERAL_CONVERSION = YES;
				CLANG_WARN_OBJC_ROOT_CLASS = YES_ERROR;
				CLANG_WARN_QUOTED_INCLUDE_IN_FRAMEWORK_HEADER = YES;
				CLANG_WARN_RANGE_LOOP_ANALYSIS = YES;
				CLANG_WARN_STRICT_PROTOTYPES = YES;
				CLANG_WARN_SUSPICIOUS_MOVE = YES;
				CLANG_WARN_UNGUARDED_AVAILABILITY = YES_AGGRESSIVE;
				CLANG_WARN_UNREACHABLE_CODE = YES;
				CLANG_WARN__DUPLICATE_METHOD_MATCH = YES;
				COPY_PHASE_STRIP = NO;
				DEBUG_INFORMATION_FORMAT = "dwarf-with-dsym";
				ENABLE_NS_ASSERTIONS = NO;
				ENABLE_STRICT_OBJC_MSGSEND = YES;
				GCC_C_LANGUAGE_STANDARD = gnu11;
				GCC_NO_COMMON_BLOCKS = YES;
				GCC_WARN_64_TO_32_BIT_CONVERSION = YES;
				GCC_WARN_ABOUT_RETURN_TYPE = YES_ERROR;
				GCC_WARN_UNDECLARED_SELECTOR = YES;
				GCC_WARN_UNINITIALIZED_AUTOS = YES_AGGRESSIVE;
				GCC_WARN_UNUSED_FUNCTION = YES;
				GCC_WARN_UNUSED_VARIABLE = YES;
				IPHONEOS_DEPLOYMENT_TARGET = 11.0;
				MTL_ENABLE_DEBUG_INFO = NO;
				MTL_FAST_MATH = YES;
				SDKROOT = iphoneos;
				SWIFT_COMPILATION_MODE = wholemodule;
				SWIFT_OPTIMIZATION_LEVEL = "-O";
				VALIDATE_PRODUCT = YES;
			};
			name = Release;
		};
		047F346A262588E700EAE93D /* Debug */ = {
			isa = XCBuildConfiguration;
			buildSettings = {
				ASSETCATALOG_COMPILER_APPICON_NAME = AppIcon;
				ASSETCATALOG_COMPILER_GLOBAL_ACCENT_COLOR_NAME = AccentColor;
				CODE_SIGN_STYLE = Automatic;
				INFOPLIST_FILE = "$(SRCROOT)/TestCase/SupportingFiles/Info.plist";
				LD_RUNPATH_SEARCH_PATHS = (
					"$(inherited)",
					"@executable_path/Frameworks",
				);
				PRODUCT_BUNDLE_IDENTIFIER = com.TestCase.TestCase;
				PRODUCT_NAME = "$(TARGET_NAME)";
				SWIFT_VERSION = 5.0;
				TARGETED_DEVICE_FAMILY = "1,2";
			};
			name = Debug;
		};
		047F346B262588E700EAE93D /* Release */ = {
			isa = XCBuildConfiguration;
			buildSettings = {
				ASSETCATALOG_COMPILER_APPICON_NAME = AppIcon;
				ASSETCATALOG_COMPILER_GLOBAL_ACCENT_COLOR_NAME = AccentColor;
				CODE_SIGN_STYLE = Automatic;
				INFOPLIST_FILE = "$(SRCROOT)/TestCase/SupportingFiles/Info.plist";
				LD_RUNPATH_SEARCH_PATHS = (
					"$(inherited)",
					"@executable_path/Frameworks",
				);
				PRODUCT_BUNDLE_IDENTIFIER = com.TestCase.TestCase;
				PRODUCT_NAME = "$(TARGET_NAME)";
				SWIFT_VERSION = 5.0;
				TARGETED_DEVICE_FAMILY = "1,2";
			};
			name = Release;
		};
		047F346D262588E700EAE93D /* Debug */ = {
			isa = XCBuildConfiguration;
			buildSettings = {
				ALWAYS_EMBED_SWIFT_STANDARD_LIBRARIES = YES;
				BUNDLE_LOADER = "$(TEST_HOST)";
				CODE_SIGN_STYLE = Automatic;
				INFOPLIST_FILE = TestCaseTests/Info.plist;
				IPHONEOS_DEPLOYMENT_TARGET = 14.0;
				LD_RUNPATH_SEARCH_PATHS = (
					"$(inherited)",
					"@executable_path/Frameworks",
					"@loader_path/Frameworks",
				);
				PRODUCT_BUNDLE_IDENTIFIER = com.TestCase.TestCaseTests;
				PRODUCT_NAME = "$(TARGET_NAME)";
				SWIFT_VERSION = 5.0;
				TARGETED_DEVICE_FAMILY = "1,2";
				TEST_HOST = "$(BUILT_PRODUCTS_DIR)/TestCase.app/TestCase";
			};
			name = Debug;
		};
		047F346E262588E700EAE93D /* Release */ = {
			isa = XCBuildConfiguration;
			buildSettings = {
				ALWAYS_EMBED_SWIFT_STANDARD_LIBRARIES = YES;
				BUNDLE_LOADER = "$(TEST_HOST)";
				CODE_SIGN_STYLE = Automatic;
				INFOPLIST_FILE = TestCaseTests/Info.plist;
				IPHONEOS_DEPLOYMENT_TARGET = 14.0;
				LD_RUNPATH_SEARCH_PATHS = (
					"$(inherited)",
					"@executable_path/Frameworks",
					"@loader_path/Frameworks",
				);
				PRODUCT_BUNDLE_IDENTIFIER = com.TestCase.TestCaseTests;
				PRODUCT_NAME = "$(TARGET_NAME)";
				SWIFT_VERSION = 5.0;
				TARGETED_DEVICE_FAMILY = "1,2";
				TEST_HOST = "$(BUILT_PRODUCTS_DIR)/TestCase.app/TestCase";
			};
			name = Release;
		};
		047F3470262588E700EAE93D /* Debug */ = {
			isa = XCBuildConfiguration;
			buildSettings = {
				ALWAYS_EMBED_SWIFT_STANDARD_LIBRARIES = YES;
				CODE_SIGN_STYLE = Automatic;
				INFOPLIST_FILE = TestCaseUITests/Info.plist;
				LD_RUNPATH_SEARCH_PATHS = (
					"$(inherited)",
					"@executable_path/Frameworks",
					"@loader_path/Frameworks",
				);
				PRODUCT_BUNDLE_IDENTIFIER = com.TestCase.TestCaseUITests;
				PRODUCT_NAME = "$(TARGET_NAME)";
				SWIFT_VERSION = 5.0;
				TARGETED_DEVICE_FAMILY = "1,2";
				TEST_TARGET_NAME = TestCase;
			};
			name = Debug;
		};
		047F3471262588E700EAE93D /* Release */ = {
			isa = XCBuildConfiguration;
			buildSettings = {
				ALWAYS_EMBED_SWIFT_STANDARD_LIBRARIES = YES;
				CODE_SIGN_STYLE = Automatic;
				INFOPLIST_FILE = TestCaseUITests/Info.plist;
				LD_RUNPATH_SEARCH_PATHS = (
					"$(inherited)",
					"@executable_path/Frameworks",
					"@loader_path/Frameworks",
				);
				PRODUCT_BUNDLE_IDENTIFIER = com.TestCase.TestCaseUITests;
				PRODUCT_NAME = "$(TARGET_NAME)";
				SWIFT_VERSION = 5.0;
				TARGETED_DEVICE_FAMILY = "1,2";
				TEST_TARGET_NAME = TestCase;
			};
			name = Release;
		};
/* End XCBuildConfiguration section */

/* Begin XCConfigurationList section */
		047F343A262588E500EAE93D /* Build configuration list for PBXProject "TestCase" */ = {
			isa = XCConfigurationList;
			buildConfigurations = (
				047F3467262588E700EAE93D /* Debug */,
				047F3468262588E700EAE93D /* Release */,
			);
			defaultConfigurationIsVisible = 0;
			defaultConfigurationName = Release;
		};
		047F3469262588E700EAE93D /* Build configuration list for PBXNativeTarget "TestCase" */ = {
			isa = XCConfigurationList;
			buildConfigurations = (
				047F346A262588E700EAE93D /* Debug */,
				047F346B262588E700EAE93D /* Release */,
			);
			defaultConfigurationIsVisible = 0;
			defaultConfigurationName = Release;
		};
		047F346C262588E700EAE93D /* Build configuration list for PBXNativeTarget "TestCaseTests" */ = {
			isa = XCConfigurationList;
			buildConfigurations = (
				047F346D262588E700EAE93D /* Debug */,
				047F346E262588E700EAE93D /* Release */,
			);
			defaultConfigurationIsVisible = 0;
			defaultConfigurationName = Release;
		};
		047F346F262588E700EAE93D /* Build configuration list for PBXNativeTarget "TestCaseUITests" */ = {
			isa = XCConfigurationList;
			buildConfigurations = (
				047F3470262588E700EAE93D /* Debug */,
				047F3471262588E700EAE93D /* Release */,
			);
			defaultConfigurationIsVisible = 0;
			defaultConfigurationName = Release;
		};
/* End XCConfigurationList section */
	};
	rootObject = 047F3437262588E500EAE93D /* Project object */;
}
